
Microsoft Visual Studio Solution File, Format Version 12.00
# Visual Studio Version 16
VisualStudioVersion = 16.0.31624.102
MinimumVisualStudioVersion = 10.0.40219.1
Project("{FAE04EC0-301F-11D3-BF4B-00C04F79EFBC}") = "FriendBearkats.Android", "FriendBearkats.Android\FriendBearkats.Android.csproj", "{39F54806-F0A5-487F-8A41-FF9D329C8795}"
EndProject
Project("{FAE04EC0-301F-11D3-BF4B-00C04F79EFBC}") = "FriendBearkats.iOS", "FriendBearkats.iOS\FriendBearkats.iOS.csproj", "{E8D9456B-4AAD-4A82-BF3D-BE1B7050D172}"
EndProject
Project("{FAE04EC0-301F-11D3-BF4B-00C04F79EFBC}") = "FriendBearkats", "FriendBearkats\FriendBearkats.csproj", "{7D5EDB8E-E855-4BF5-8CF7-7D79BD59B18B}"
EndProject
Global
	GlobalSection(SolutionConfigurationPlatforms) = preSolution
		Debug|Any CPU = Debug|Any CPU
		Debug|iPhone = Debug|iPhone
		Debug|iPhoneSimulator = Debug|iPhoneSimulator
		Release|Any CPU = Release|Any CPU
		Release|iPhone = Release|iPhone
		Release|iPhoneSimulator = Release|iPhoneSimulator
	EndGlobalSection
	GlobalSection(ProjectConfigurationPlatforms) = postSolution
		{39F54806-F0A5-487F-8A41-FF9D329C8795}.Debug|Any CPU.ActiveCfg = Debug|Any CPU
		{39F54806-F0A5-487F-8A41-FF9D329C8795}.Debug|Any CPU.Build.0 = Debug|Any CPU
		{39F54806-F0A5-487F-8A41-FF9D329C8795}.Debug|Any CPU.Deploy.0 = Debug|Any CPU
		{39F54806-F0A5-487F-8A41-FF9D329C8795}.Debug|iPhone.ActiveCfg = Debug|Any CPU
		{39F54806-F0A5-487F-8A41-FF9D329C8795}.Debug|iPhone.Build.0 = Debug|Any CPU
		{39F54806-F0A5-487F-8A41-FF9D329C8795}.Debug|iPhone.Deploy.0 = Debug|Any CPU
		{39F54806-F0A5-487F-8A41-FF9D329C8795}.Debug|iPhoneSimulator.ActiveCfg = Debug|Any CPU
		{39F54806-F0A5-487F-8A41-FF9D329C8795}.Debug|iPhoneSimulator.Build.0 = Debug|Any CPU
		{39F54806-F0A5-487F-8A41-FF9D329C8795}.Debug|iPhoneSimulator.Deploy.0 = Debug|Any CPU
		{39F54806-F0A5-487F-8A41-FF9D329C8795}.Release|Any CPU.ActiveCfg = Release|Any CPU
		{39F54806-F0A5-487F-8A41-FF9D329C8795}.Release|Any CPU.Build.0 = Release|Any CPU
		{39F54806-F0A5-487F-8A41-FF9D329C8795}.Release|Any CPU.Deploy.0 = Release|Any CPU
		{39F54806-F0A5-487F-8A41-FF9D329C8795}.Release|iPhone.ActiveCfg = Release|Any CPU
		{39F54806-F0A5-487F-8A41-FF9D329C8795}.Release|iPhone.Build.0 = Release|Any CPU
		{39F54806-F0A5-487F-8A41-FF9D329C8795}.Release|iPhone.Deploy.0 = Release|Any CPU
		{39F54806-F0A5-487F-8A41-FF9D329C8795}.Release|iPhoneSimulator.ActiveCfg = Release|Any CPU
		{39F54806-F0A5-487F-8A41-FF9D329C8795}.Release|iPhoneSimulator.Build.0 = Release|Any CPU
		{39F54806-F0A5-487F-8A41-FF9D329C8795}.Release|iPhoneSimulator.Deploy.0 = Release|Any CPU
		{E8D9456B-4AAD-4A82-BF3D-BE1B7050D172}.Debug|Any CPU.ActiveCfg = Debug|iPhone
		{E8D9456B-4AAD-4A82-BF3D-BE1B7050D172}.Debug|Any CPU.Build.0 = Debug|iPhone
		{E8D9456B-4AAD-4A82-BF3D-BE1B7050D172}.Debug|Any CPU.Deploy.0 = Debug|iPhone
		{E8D9456B-4AAD-4A82-BF3D-BE1B7050D172}.Debug|iPhone.ActiveCfg = Debug|iPhone
		{E8D9456B-4AAD-4A82-BF3D-BE1B7050D172}.Debug|iPhone.Build.0 = Debug|iPhone
		{E8D9456B-4AAD-4A82-BF3D-BE1B7050D172}.Debug|iPhone.Deploy.0 = Debug|iPhone
		{E8D9456B-4AAD-4A82-BF3D-BE1B7050D172}.Debug|iPhoneSimulator.ActiveCfg = Debug|iPhoneSimulator
		{E8D9456B-4AAD-4A82-BF3D-BE1B7050D172}.Debug|iPhoneSimulator.Build.0 = Debug|iPhoneSimulator
		{E8D9456B-4AAD-4A82-BF3D-BE1B7050D172}.Debug|iPhoneSimulator.Deploy.0 = Debug|iPhoneSimulator
		{E8D9456B-4AAD-4A82-BF3D-BE1B7050D172}.Release|Any CPU.ActiveCfg = Release|iPhoneSimulator
		{E8D9456B-4AAD-4A82-BF3D-BE1B7050D172}.Release|Any CPU.Build.0 = Release|iPhoneSimulator
		{E8D9456B-4AAD-4A82-BF3D-BE1B7050D172}.Release|Any CPU.Deploy.0 = Release|iPhoneSimulator
		{E8D9456B-4AAD-4A82-BF3D-BE1B7050D172}.Release|iPhone.ActiveCfg = Release|iPhone
		{E8D9456B-4AAD-4A82-BF3D-BE1B7050D172}.Release|iPhone.Build.0 = Release|iPhone
		{E8D9456B-4AAD-4A82-BF3D-BE1B7050D172}.Release|iPhone.Deploy.0 = Release|iPhone
		{E8D9456B-4AAD-4A82-BF3D-BE1B7050D172}.Release|iPhoneSimulator.ActiveCfg = Release|iPhoneSimulator
		{E8D9456B-4AAD-4A82-BF3D-BE1B7050D172}.Release|iPhoneSimulator.Build.0 = Release|iPhoneSimulator
		{E8D9456B-4AAD-4A82-BF3D-BE1B7050D172}.Release|iPhoneSimulator.Deploy.0 = Release|iPhoneSimulator
		{7D5EDB8E-E855-4BF5-8CF7-7D79BD59B18B}.Debug|Any CPU.ActiveCfg = Debug|Any CPU
		{7D5EDB8E-E855-4BF5-8CF7-7D79BD59B18B}.Debug|Any CPU.Build.0 = Debug|Any CPU
		{7D5EDB8E-E855-4BF5-8CF7-7D79BD59B18B}.Debug|Any CPU.Deploy.0 = Debug|Any CPU
		{7D5EDB8E-E855-4BF5-8CF7-7D79BD59B18B}.Debug|iPhone.ActiveCfg = Debug|Any CPU
		{7D5EDB8E-E855-4BF5-8CF7-7D79BD59B18B}.Debug|iPhone.Build.0 = Debug|Any CPU
		{7D5EDB8E-E855-4BF5-8CF7-7D79BD59B18B}.Debug|iPhone.Deploy.0 = Debug|Any CPU
		{7D5EDB8E-E855-4BF5-8CF7-7D79BD59B18B}.Debug|iPhoneSimulator.ActiveCfg = Debug|Any CPU
		{7D5EDB8E-E855-4BF5-8CF7-7D79BD59B18B}.Debug|iPhoneSimulator.Build.0 = Debug|Any CPU
		{7D5EDB8E-E855-4BF5-8CF7-7D79BD59B18B}.Debug|iPhoneSimulator.Deploy.0 = Debug|Any CPU
		{7D5EDB8E-E855-4BF5-8CF7-7D79BD59B18B}.Release|Any CPU.ActiveCfg = Release|Any CPU
		{7D5EDB8E-E855-4BF5-8CF7-7D79BD59B18B}.Release|Any CPU.Build.0 = Release|Any CPU
		{7D5EDB8E-E855-4BF5-8CF7-7D79BD59B18B}.Release|Any CPU.Deploy.0 = Release|Any CPU
		{7D5EDB8E-E855-4BF5-8CF7-7D79BD59B18B}.Release|iPhone.ActiveCfg = Release|Any CPU
		{7D5EDB8E-E855-4BF5-8CF7-7D79BD59B18B}.Release|iPhone.Build.0 = Release|Any CPU
		{7D5EDB8E-E855-4BF5-8CF7-7D79BD59B18B}.Release|iPhone.Deploy.0 = Release|Any CPU
		{7D5EDB8E-E855-4BF5-8CF7-7D79BD59B18B}.Release|iPhoneSimulator.ActiveCfg = Release|Any CPU
		{7D5EDB8E-E855-4BF5-8CF7-7D79BD59B18B}.Release|iPhoneSimulator.Build.0 = Release|Any CPU
		{7D5EDB8E-E855-4BF5-8CF7-7D79BD59B18B}.Release|iPhoneSimulator.Deploy.0 = Release|Any CPU
	EndGlobalSection
	GlobalSection(SolutionProperties) = preSolution
		HideSolutionNode = FALSE
	EndGlobalSection
	GlobalSection(ExtensibilityGlobals) = postSolution
		SolutionGuid = {4D15798C-3B43-4270-BF9F-A12AAC63B9AC}
	EndGlobalSection
EndGlobal
